
Microsoft Visual Studio Solution File, Format Version 12.00
# Visual Studio Version 17
VisualStudioVersion = 17.6.33829.357
MinimumVisualStudioVersion = 10.0.40219.1
Project("{FAE04EC0-301F-11D3-BF4B-00C04F79EFBC}") = "MVC", "MVC.csproj", "{FE643A9A-805D-4524-A177-278F0411120F}"
EndProject
Global
	GlobalSection(SolutionConfigurationPlatforms) = preSolution
		Debug|Any CPU = Debug|Any CPU
		Release|Any CPU = Release|Any CPU
	EndGlobalSection
	GlobalSection(ProjectConfigurationPlatforms) = postSolution
		{FE643A9A-805D-4524-A177-278F0411120F}.Debug|Any CPU.ActiveCfg = Debug|Any CPU
		{FE643A9A-805D-4524-A177-278F0411120F}.Debug|Any CPU.Build.0 = Debug|Any CPU
		{FE643A9A-805D-4524-A177-278F0411120F}.Release|Any CPU.ActiveCfg = Release|Any CPU
		{FE643A9A-805D-4524-A177-278F0411120F}.Release|Any CPU.Build.0 = Release|Any CPU
	EndGlobalSection
	GlobalSection(SolutionProperties) = preSolution
		HideSolutionNode = FALSE
	EndGlobalSection
	GlobalSection(ExtensibilityGlobals) = postSolution
		SolutionGuid = {CF3FD8AF-F722-4110-96EA-D2CE34D30FA4}
	EndGlobalSection
EndGlobal
